
Microsoft Visual Studio Solution File, Format Version 12.00
# Visual Studio Version 17
VisualStudioVersion = 17.8.34525.116
MinimumVisualStudioVersion = 10.0.40219.1
Project("{FAE04EC0-301F-11D3-BF4B-00C04F79EFBC}") = "web-word-pdf", "web-word-pdf.csproj", "{92207804-DCC2-415D-B5C9-DDAE0512CC13}"
EndProject
Global
	GlobalSection(SolutionConfigurationPlatforms) = preSolution
		Debug|Any CPU = Debug|Any CPU
		Release|Any CPU = Release|Any CPU
	EndGlobalSection
	GlobalSection(ProjectConfigurationPlatforms) = postSolution
		{92207804-DCC2-415D-B5C9-DDAE0512CC13}.Debug|Any CPU.ActiveCfg = Debug|Any CPU
		{92207804-DCC2-415D-B5C9-DDAE0512CC13}.Debug|Any CPU.Build.0 = Debug|Any CPU
		{92207804-DCC2-415D-B5C9-DDAE0512CC13}.Release|Any CPU.ActiveCfg = Release|Any CPU
		{92207804-DCC2-415D-B5C9-DDAE0512CC13}.Release|Any CPU.Build.0 = Release|Any CPU
	EndGlobalSection
	GlobalSection(SolutionProperties) = preSolution
		HideSolutionNode = FALSE
	EndGlobalSection
	GlobalSection(ExtensibilityGlobals) = postSolution
		SolutionGuid = {C2BC3503-CBF6-48D2-8522-99C066F80277}
	EndGlobalSection
EndGlobal
